
Microsoft Visual Studio Solution File, Format Version 12.00
# Visual Studio 2013
VisualStudioVersion = 12.0.21005.1
MinimumVisualStudioVersion = 10.0.40219.1
Project("{E24C65DC-7377-472B-9ABA-BC803B73C61A}") = "FrontEnd(1)", "http://localhost:49563", "{45DBCDF4-7967-42B5-9BDE-81405C37568C}"
	ProjectSection(WebsiteProperties) = preProject
		UseIISExpress = "true"
		TargetFrameworkMoniker = ".NETFramework,Version%3Dv4.5"
		ProjectReferences = "{30a316a1-c137-4eac-a6a6-ecb715932c53}|MyClassLibrary.dll;"
		Debug.AspNetCompiler.VirtualPath = "/localhost_49563"
		Debug.AspNetCompiler.PhysicalPath = "FrontEnd\"
		Debug.AspNetCompiler.TargetPath = "PrecompiledWeb\localhost_49563\"
		Debug.AspNetCompiler.Updateable = "true"
		Debug.AspNetCompiler.ForceOverwrite = "true"
		Debug.AspNetCompiler.FixedNames = "false"
		Debug.AspNetCompiler.Debug = "True"
		Release.AspNetCompiler.VirtualPath = "/localhost_49563"
		Release.AspNetCompiler.PhysicalPath = "FrontEnd\"
		Release.AspNetCompiler.TargetPath = "PrecompiledWeb\localhost_49563\"
		Release.AspNetCompiler.Updateable = "true"
		Release.AspNetCompiler.ForceOverwrite = "true"
		Release.AspNetCompiler.FixedNames = "false"
		Release.AspNetCompiler.Debug = "False"
		SlnRelativePath = "FrontEnd\"
		DefaultWebSiteLanguage = "Visual C#"
	EndProjectSection
EndProject
Project("{FAE04EC0-301F-11D3-BF4B-00C04F79EFBC}") = "BackEnd", "BackEnd\BackEnd.csproj", "{A9CDDF0A-B723-475D-AAD8-DBB094B2A15D}"
EndProject
Project("{FAE04EC0-301F-11D3-BF4B-00C04F79EFBC}") = "ClassLibrary", "MyClassLibrary\ClassLibrary.csproj", "{30A316A1-C137-4EAC-A6A6-ECB715932C53}"
EndProject
Project("{FAE04EC0-301F-11D3-BF4B-00C04F79EFBC}") = "TestFramework", "ServiceOrderTesting\TestFramework.csproj", "{848EED38-2665-4447-ADF5-F6E9467679F4}"
EndProject
Project("{2150E333-8FDC-42A3-9474-1A3956D46DE8}") = "App_Data", "App_Data", "{800544B5-EAEC-4FC1-BF8C-9223DF8A5D26}"
	ProjectSection(SolutionItems) = preProject
		App_Data\MainDatabase.mdf = App_Data\MainDatabase.mdf
		App_Data\MainDatabase_log.ldf = App_Data\MainDatabase_log.ldf
	EndProjectSection
EndProject
Global
	GlobalSection(SolutionConfigurationPlatforms) = preSolution
		Debug|Any CPU = Debug|Any CPU
		Release|Any CPU = Release|Any CPU
	EndGlobalSection
	GlobalSection(ProjectConfigurationPlatforms) = postSolution
		{45DBCDF4-7967-42B5-9BDE-81405C37568C}.Debug|Any CPU.ActiveCfg = Debug|Any CPU
		{45DBCDF4-7967-42B5-9BDE-81405C37568C}.Debug|Any CPU.Build.0 = Debug|Any CPU
		{45DBCDF4-7967-42B5-9BDE-81405C37568C}.Release|Any CPU.ActiveCfg = Debug|Any CPU
		{45DBCDF4-7967-42B5-9BDE-81405C37568C}.Release|Any CPU.Build.0 = Debug|Any CPU
		{A9CDDF0A-B723-475D-AAD8-DBB094B2A15D}.Debug|Any CPU.ActiveCfg = Debug|Any CPU
		{A9CDDF0A-B723-475D-AAD8-DBB094B2A15D}.Debug|Any CPU.Build.0 = Debug|Any CPU
		{A9CDDF0A-B723-475D-AAD8-DBB094B2A15D}.Release|Any CPU.ActiveCfg = Release|Any CPU
		{A9CDDF0A-B723-475D-AAD8-DBB094B2A15D}.Release|Any CPU.Build.0 = Release|Any CPU
		{30A316A1-C137-4EAC-A6A6-ECB715932C53}.Debug|Any CPU.ActiveCfg = Debug|Any CPU
		{30A316A1-C137-4EAC-A6A6-ECB715932C53}.Debug|Any CPU.Build.0 = Debug|Any CPU
		{30A316A1-C137-4EAC-A6A6-ECB715932C53}.Release|Any CPU.ActiveCfg = Release|Any CPU
		{30A316A1-C137-4EAC-A6A6-ECB715932C53}.Release|Any CPU.Build.0 = Release|Any CPU
		{848EED38-2665-4447-ADF5-F6E9467679F4}.Debug|Any CPU.ActiveCfg = Debug|Any CPU
		{848EED38-2665-4447-ADF5-F6E9467679F4}.Debug|Any CPU.Build.0 = Debug|Any CPU
		{848EED38-2665-4447-ADF5-F6E9467679F4}.Release|Any CPU.ActiveCfg = Release|Any CPU
		{848EED38-2665-4447-ADF5-F6E9467679F4}.Release|Any CPU.Build.0 = Release|Any CPU
	EndGlobalSection
	GlobalSection(SolutionProperties) = preSolution
		HideSolutionNode = FALSE
	EndGlobalSection
EndGlobal
